
Microsoft Visual Studio Solution File, Format Version 12.00
# Visual Studio 14
VisualStudioVersion = 14.0.25420.1
MinimumVisualStudioVersion = 10.0.40219.1
Project("{FAE04EC0-301F-11D3-BF4B-00C04F79EFBC}") = "TimeSheetMobileXForms.Android", "TimeSheetMobileXForms\TimeSheetMobileXForms.Android\TimeSheetMobileXForms.Android.csproj", "{81E9C1D5-A608-4448-908B-1E263F066354}"
EndProject
Project("{FAE04EC0-301F-11D3-BF4B-00C04F79EFBC}") = "TimeSheetMobileXForms", "TimeSheetMobileXForms\TimeSheetMobileXForms\TimeSheetMobileXForms.csproj", "{7F8BF569-5AF0-4B23-8D67-45F3A1479612}"
EndProject
Project("{FAE04EC0-301F-11D3-BF4B-00C04F79EFBC}") = "TimeSheetMobileXForms.UWP", "TimeSheetMobileXForms\TimeSheetMobileXForms.UWP\TimeSheetMobileXForms.UWP.csproj", "{53FD68AF-B952-497A-A1A2-6F1BA69DB288}"
EndProject
Project("{FAE04EC0-301F-11D3-BF4B-00C04F79EFBC}") = "TimeSheetMobileXForms.iOS", "TimeSheetMobileXForms\TimeSheetMobileXForms.iOS\TimeSheetMobileXForms.iOS.csproj", "{B287EE43-F4ED-466D-BBA2-B28EAFBC0538}"
EndProject
Global
	GlobalSection(SolutionConfigurationPlatforms) = preSolution
		Ad-Hoc|Any CPU = Ad-Hoc|Any CPU
		Ad-Hoc|ARM = Ad-Hoc|ARM
		Ad-Hoc|iPhone = Ad-Hoc|iPhone
		Ad-Hoc|iPhoneSimulator = Ad-Hoc|iPhoneSimulator
		Ad-Hoc|x64 = Ad-Hoc|x64
		Ad-Hoc|x86 = Ad-Hoc|x86
		AppStore|Any CPU = AppStore|Any CPU
		AppStore|ARM = AppStore|ARM
		AppStore|iPhone = AppStore|iPhone
		AppStore|iPhoneSimulator = AppStore|iPhoneSimulator
		AppStore|x64 = AppStore|x64
		AppStore|x86 = AppStore|x86
		Debug|Any CPU = Debug|Any CPU
		Debug|ARM = Debug|ARM
		Debug|iPhone = Debug|iPhone
		Debug|iPhoneSimulator = Debug|iPhoneSimulator
		Debug|x64 = Debug|x64
		Debug|x86 = Debug|x86
		Release|Any CPU = Release|Any CPU
		Release|ARM = Release|ARM
		Release|iPhone = Release|iPhone
		Release|iPhoneSimulator = Release|iPhoneSimulator
		Release|x64 = Release|x64
		Release|x86 = Release|x86
	EndGlobalSection
	GlobalSection(ProjectConfigurationPlatforms) = postSolution
		{81E9C1D5-A608-4448-908B-1E263F066354}.Ad-Hoc|Any CPU.ActiveCfg = Release|Any CPU
		{81E9C1D5-A608-4448-908B-1E263F066354}.Ad-Hoc|Any CPU.Build.0 = Release|Any CPU
		{81E9C1D5-A608-4448-908B-1E263F066354}.Ad-Hoc|Any CPU.Deploy.0 = Release|Any CPU
		{81E9C1D5-A608-4448-908B-1E263F066354}.Ad-Hoc|ARM.ActiveCfg = Release|Any CPU
		{81E9C1D5-A608-4448-908B-1E263F066354}.Ad-Hoc|ARM.Build.0 = Release|Any CPU
		{81E9C1D5-A608-4448-908B-1E263F066354}.Ad-Hoc|ARM.Deploy.0 = Release|Any CPU
		{81E9C1D5-A608-4448-908B-1E263F066354}.Ad-Hoc|iPhone.ActiveCfg = Release|Any CPU
		{81E9C1D5-A608-4448-908B-1E263F066354}.Ad-Hoc|iPhone.Build.0 = Release|Any CPU
		{81E9C1D5-A608-4448-908B-1E263F066354}.Ad-Hoc|iPhone.Deploy.0 = Release|Any CPU
		{81E9C1D5-A608-4448-908B-1E263F066354}.Ad-Hoc|iPhoneSimulator.ActiveCfg = Release|Any CPU
		{81E9C1D5-A608-4448-908B-1E263F066354}.Ad-Hoc|iPhoneSimulator.Build.0 = Release|Any CPU
		{81E9C1D5-A608-4448-908B-1E263F066354}.Ad-Hoc|iPhoneSimulator.Deploy.0 = Release|Any CPU
		{81E9C1D5-A608-4448-908B-1E263F066354}.Ad-Hoc|x64.ActiveCfg = Release|Any CPU
		{81E9C1D5-A608-4448-908B-1E263F066354}.Ad-Hoc|x64.Build.0 = Release|Any CPU
		{81E9C1D5-A608-4448-908B-1E263F066354}.Ad-Hoc|x64.Deploy.0 = Release|Any CPU
		{81E9C1D5-A608-4448-908B-1E263F066354}.Ad-Hoc|x86.ActiveCfg = Release|Any CPU
		{81E9C1D5-A608-4448-908B-1E263F066354}.Ad-Hoc|x86.Build.0 = Release|Any CPU
		{81E9C1D5-A608-4448-908B-1E263F066354}.Ad-Hoc|x86.Deploy.0 = Release|Any CPU
		{81E9C1D5-A608-4448-908B-1E263F066354}.AppStore|Any CPU.ActiveCfg = Release|Any CPU
		{81E9C1D5-A608-4448-908B-1E263F066354}.AppStore|Any CPU.Build.0 = Release|Any CPU
		{81E9C1D5-A608-4448-908B-1E263F066354}.AppStore|Any CPU.Deploy.0 = Release|Any CPU
		{81E9C1D5-A608-4448-908B-1E263F066354}.AppStore|ARM.ActiveCfg = Release|Any CPU
		{81E9C1D5-A608-4448-908B-1E263F066354}.AppStore|ARM.Build.0 = Release|Any CPU
		{81E9C1D5-A608-4448-908B-1E263F066354}.AppStore|ARM.Deploy.0 = Release|Any CPU
		{81E9C1D5-A608-4448-908B-1E263F066354}.AppStore|iPhone.ActiveCfg = Release|Any CPU
		{81E9C1D5-A608-4448-908B-1E263F066354}.AppStore|iPhone.Build.0 = Release|Any CPU
		{81E9C1D5-A608-4448-908B-1E263F066354}.AppStore|iPhone.Deploy.0 = Release|Any CPU
		{81E9C1D5-A608-4448-908B-1E263F066354}.AppStore|iPhoneSimulator.ActiveCfg = Release|Any CPU
		{81E9C1D5-A608-4448-908B-1E263F066354}.AppStore|iPhoneSimulator.Build.0 = Release|Any CPU
		{81E9C1D5-A608-4448-908B-1E263F066354}.AppStore|iPhoneSimulator.Deploy.0 = Release|Any CPU
		{81E9C1D5-A608-4448-908B-1E263F066354}.AppStore|x64.ActiveCfg = Release|Any CPU
		{81E9C1D5-A608-4448-908B-1E263F066354}.AppStore|x64.Build.0 = Release|Any CPU
		{81E9C1D5-A608-4448-908B-1E263F066354}.AppStore|x64.Deploy.0 = Release|Any CPU
		{81E9C1D5-A608-4448-908B-1E263F066354}.AppStore|x86.ActiveCfg = Release|Any CPU
		{81E9C1D5-A608-4448-908B-1E263F066354}.AppStore|x86.Build.0 = Release|Any CPU
		{81E9C1D5-A608-4448-908B-1E263F066354}.AppStore|x86.Deploy.0 = Release|Any CPU
		{81E9C1D5-A608-4448-908B-1E263F066354}.Debug|Any CPU.ActiveCfg = Debug|Any CPU
		{81E9C1D5-A608-4448-908B-1E263F066354}.Debug|Any CPU.Build.0 = Debug|Any CPU
		{81E9C1D5-A608-4448-908B-1E263F066354}.Debug|Any CPU.Deploy.0 = Debug|Any CPU
		{81E9C1D5-A608-4448-908B-1E263F066354}.Debug|ARM.ActiveCfg = Debug|Any CPU
		{81E9C1D5-A608-4448-908B-1E263F066354}.Debug|ARM.Build.0 = Debug|Any CPU
		{81E9C1D5-A608-4448-908B-1E263F066354}.Debug|ARM.Deploy.0 = Debug|Any CPU
		{81E9C1D5-A608-4448-908B-1E263F066354}.Debug|iPhone.ActiveCfg = Debug|Any CPU
		{81E9C1D5-A608-4448-908B-1E263F066354}.Debug|iPhone.Build.0 = Debug|Any CPU
		{81E9C1D5-A608-4448-908B-1E263F066354}.Debug|iPhone.Deploy.0 = Debug|Any CPU
		{81E9C1D5-A608-4448-908B-1E263F066354}.Debug|iPhoneSimulator.ActiveCfg = Debug|Any CPU
		{81E9C1D5-A608-4448-908B-1E263F066354}.Debug|iPhoneSimulator.Build.0 = Debug|Any CPU
		{81E9C1D5-A608-4448-908B-1E263F066354}.Debug|iPhoneSimulator.Deploy.0 = Debug|Any CPU
		{81E9C1D5-A608-4448-908B-1E263F066354}.Debug|x64.ActiveCfg = Debug|Any CPU
		{81E9C1D5-A608-4448-908B-1E263F066354}.Debug|x64.Build.0 = Debug|Any CPU
		{81E9C1D5-A608-4448-908B-1E263F066354}.Debug|x64.Deploy.0 = Debug|Any CPU
		{81E9C1D5-A608-4448-908B-1E263F066354}.Debug|x86.ActiveCfg = Debug|Any CPU
		{81E9C1D5-A608-4448-908B-1E263F066354}.Debug|x86.Build.0 = Debug|Any CPU
		{81E9C1D5-A608-4448-908B-1E263F066354}.Debug|x86.Deploy.0 = Debug|Any CPU
		{81E9C1D5-A608-4448-908B-1E263F066354}.Release|Any CPU.ActiveCfg = Release|Any CPU
		{81E9C1D5-A608-4448-908B-1E263F066354}.Release|Any CPU.Build.0 = Release|Any CPU
		{81E9C1D5-A608-4448-908B-1E263F066354}.Release|Any CPU.Deploy.0 = Release|Any CPU
		{81E9C1D5-A608-4448-908B-1E263F066354}.Release|ARM.ActiveCfg = Release|Any CPU
		{81E9C1D5-A608-4448-908B-1E263F066354}.Release|ARM.Build.0 = Release|Any CPU
		{81E9C1D5-A608-4448-908B-1E263F066354}.Release|ARM.Deploy.0 = Release|Any CPU
		{81E9C1D5-A608-4448-908B-1E263F066354}.Release|iPhone.ActiveCfg = Release|Any CPU
		{81E9C1D5-A608-4448-908B-1E263F066354}.Release|iPhone.Build.0 = Release|Any CPU
		{81E9C1D5-A608-4448-908B-1E263F066354}.Release|iPhone.Deploy.0 = Release|Any CPU
		{81E9C1D5-A608-4448-908B-1E263F066354}.Release|iPhoneSimulator.ActiveCfg = Release|Any CPU
		{81E9C1D5-A608-4448-908B-1E263F066354}.Release|iPhoneSimulator.Build.0 = Release|Any CPU
		{81E9C1D5-A608-4448-908B-1E263F066354}.Release|iPhoneSimulator.Deploy.0 = Release|Any CPU
		{81E9C1D5-A608-4448-908B-1E263F066354}.Release|x64.ActiveCfg = Release|Any CPU
		{81E9C1D5-A608-4448-908B-1E263F066354}.Release|x64.Build.0 = Release|Any CPU
		{81E9C1D5-A608-4448-908B-1E263F066354}.Release|x64.Deploy.0 = Release|Any CPU
		{81E9C1D5-A608-4448-908B-1E263F066354}.Release|x86.ActiveCfg = Release|Any CPU
		{81E9C1D5-A608-4448-908B-1E263F066354}.Release|x86.Build.0 = Release|Any CPU
		{81E9C1D5-A608-4448-908B-1E263F066354}.Release|x86.Deploy.0 = Release|Any CPU
		{7F8BF569-5AF0-4B23-8D67-45F3A1479612}.Ad-Hoc|Any CPU.ActiveCfg = Release|Any CPU
		{7F8BF569-5AF0-4B23-8D67-45F3A1479612}.Ad-Hoc|Any CPU.Build.0 = Release|Any CPU
		{7F8BF569-5AF0-4B23-8D67-45F3A1479612}.Ad-Hoc|ARM.ActiveCfg = Release|Any CPU
		{7F8BF569-5AF0-4B23-8D67-45F3A1479612}.Ad-Hoc|ARM.Build.0 = Release|Any CPU
		{7F8BF569-5AF0-4B23-8D67-45F3A1479612}.Ad-Hoc|iPhone.ActiveCfg = Release|Any CPU
		{7F8BF569-5AF0-4B23-8D67-45F3A1479612}.Ad-Hoc|iPhone.Build.0 = Release|Any CPU
		{7F8BF569-5AF0-4B23-8D67-45F3A1479612}.Ad-Hoc|iPhoneSimulator.ActiveCfg = Release|Any CPU
		{7F8BF569-5AF0-4B23-8D67-45F3A1479612}.Ad-Hoc|iPhoneSimulator.Build.0 = Release|Any CPU
		{7F8BF569-5AF0-4B23-8D67-45F3A1479612}.Ad-Hoc|x64.ActiveCfg = Release|Any CPU
		{7F8BF569-5AF0-4B23-8D67-45F3A1479612}.Ad-Hoc|x64.Build.0 = Release|Any CPU
		{7F8BF569-5AF0-4B23-8D67-45F3A1479612}.Ad-Hoc|x86.ActiveCfg = Release|Any CPU
		{7F8BF569-5AF0-4B23-8D67-45F3A1479612}.Ad-Hoc|x86.Build.0 = Release|Any CPU
		{7F8BF569-5AF0-4B23-8D67-45F3A1479612}.AppStore|Any CPU.ActiveCfg = Release|Any CPU
		{7F8BF569-5AF0-4B23-8D67-45F3A1479612}.AppStore|Any CPU.Build.0 = Release|Any CPU
		{7F8BF569-5AF0-4B23-8D67-45F3A1479612}.AppStore|ARM.ActiveCfg = Release|Any CPU
		{7F8BF569-5AF0-4B23-8D67-45F3A1479612}.AppStore|ARM.Build.0 = Release|Any CPU
		{7F8BF569-5AF0-4B23-8D67-45F3A1479612}.AppStore|iPhone.ActiveCfg = Release|Any CPU
		{7F8BF569-5AF0-4B23-8D67-45F3A1479612}.AppStore|iPhone.Build.0 = Release|Any CPU
		{7F8BF569-5AF0-4B23-8D67-45F3A1479612}.AppStore|iPhoneSimulator.ActiveCfg = Release|Any CPU
		{7F8BF569-5AF0-4B23-8D67-45F3A1479612}.AppStore|iPhoneSimulator.Build.0 = Release|Any CPU
		{7F8BF569-5AF0-4B23-8D67-45F3A1479612}.AppStore|x64.ActiveCfg = Release|Any CPU
		{7F8BF569-5AF0-4B23-8D67-45F3A1479612}.AppStore|x64.Build.0 = Release|Any CPU
		{7F8BF569-5AF0-4B23-8D67-45F3A1479612}.AppStore|x86.ActiveCfg = Release|Any CPU
		{7F8BF569-5AF0-4B23-8D67-45F3A1479612}.AppStore|x86.Build.0 = Release|Any CPU
		{7F8BF569-5AF0-4B23-8D67-45F3A1479612}.Debug|Any CPU.ActiveCfg = Debug|Any CPU
		{7F8BF569-5AF0-4B23-8D67-45F3A1479612}.Debug|Any CPU.Build.0 = Debug|Any CPU
		{7F8BF569-5AF0-4B23-8D67-45F3A1479612}.Debug|ARM.ActiveCfg = Debug|Any CPU
		{7F8BF569-5AF0-4B23-8D67-45F3A1479612}.Debug|ARM.Build.0 = Debug|Any CPU
		{7F8BF569-5AF0-4B23-8D67-45F3A1479612}.Debug|iPhone.ActiveCfg = Debug|Any CPU
		{7F8BF569-5AF0-4B23-8D67-45F3A1479612}.Debug|iPhone.Build.0 = Debug|Any CPU
		{7F8BF569-5AF0-4B23-8D67-45F3A1479612}.Debug|iPhoneSimulator.ActiveCfg = Debug|Any CPU
		{7F8BF569-5AF0-4B23-8D67-45F3A1479612}.Debug|iPhoneSimulator.Build.0 = Debug|Any CPU
		{7F8BF569-5AF0-4B23-8D67-45F3A1479612}.Debug|x64.ActiveCfg = Debug|Any CPU
		{7F8BF569-5AF0-4B23-8D67-45F3A1479612}.Debug|x64.Build.0 = Debug|Any CPU
		{7F8BF569-5AF0-4B23-8D67-45F3A1479612}.Debug|x86.ActiveCfg = Debug|Any CPU
		{7F8BF569-5AF0-4B23-8D67-45F3A1479612}.Debug|x86.Build.0 = Debug|Any CPU
		{7F8BF569-5AF0-4B23-8D67-45F3A1479612}.Release|Any CPU.ActiveCfg = Release|Any CPU
		{7F8BF569-5AF0-4B23-8D67-45F3A1479612}.Release|Any CPU.Build.0 = Release|Any CPU
		{7F8BF569-5AF0-4B23-8D67-45F3A1479612}.Release|ARM.ActiveCfg = Release|Any CPU
		{7F8BF569-5AF0-4B23-8D67-45F3A1479612}.Release|ARM.Build.0 = Release|Any CPU
		{7F8BF569-5AF0-4B23-8D67-45F3A1479612}.Release|iPhone.ActiveCfg = Release|Any CPU
		{7F8BF569-5AF0-4B23-8D67-45F3A1479612}.Release|iPhone.Build.0 = Release|Any CPU
		{7F8BF569-5AF0-4B23-8D67-45F3A1479612}.Release|iPhoneSimulator.ActiveCfg = Release|Any CPU
		{7F8BF569-5AF0-4B23-8D67-45F3A1479612}.Release|iPhoneSimulator.Build.0 = Release|Any CPU
		{7F8BF569-5AF0-4B23-8D67-45F3A1479612}.Release|x64.ActiveCfg = Release|Any CPU
		{7F8BF569-5AF0-4B23-8D67-45F3A1479612}.Release|x64.Build.0 = Release|Any CPU
		{7F8BF569-5AF0-4B23-8D67-45F3A1479612}.Release|x86.ActiveCfg = Release|Any CPU
		{7F8BF569-5AF0-4B23-8D67-45F3A1479612}.Release|x86.Build.0 = Release|Any CPU
		{53FD68AF-B952-497A-A1A2-6F1BA69DB288}.Ad-Hoc|Any CPU.ActiveCfg = Release|x86
		{53FD68AF-B952-497A-A1A2-6F1BA69DB288}.Ad-Hoc|Any CPU.Build.0 = Release|x86
		{53FD68AF-B952-497A-A1A2-6F1BA69DB288}.Ad-Hoc|Any CPU.Deploy.0 = Release|x86
		{53FD68AF-B952-497A-A1A2-6F1BA69DB288}.Ad-Hoc|ARM.ActiveCfg = Release|ARM
		{53FD68AF-B952-497A-A1A2-6F1BA69DB288}.Ad-Hoc|ARM.Build.0 = Release|ARM
		{53FD68AF-B952-497A-A1A2-6F1BA69DB288}.Ad-Hoc|ARM.Deploy.0 = Release|ARM
		{53FD68AF-B952-497A-A1A2-6F1BA69DB288}.Ad-Hoc|iPhone.ActiveCfg = Release|x86
		{53FD68AF-B952-497A-A1A2-6F1BA69DB288}.Ad-Hoc|iPhone.Build.0 = Release|x86
		{53FD68AF-B952-497A-A1A2-6F1BA69DB288}.Ad-Hoc|iPhone.Deploy.0 = Release|x86
		{53FD68AF-B952-497A-A1A2-6F1BA69DB288}.Ad-Hoc|iPhoneSimulator.ActiveCfg = Release|x86
		{53FD68AF-B952-497A-A1A2-6F1BA69DB288}.Ad-Hoc|iPhoneSimulator.Build.0 = Release|x86
		{53FD68AF-B952-497A-A1A2-6F1BA69DB288}.Ad-Hoc|iPhoneSimulator.Deploy.0 = Release|x86
		{53FD68AF-B952-497A-A1A2-6F1BA69DB288}.Ad-Hoc|x64.ActiveCfg = Release|x64
		{53FD68AF-B952-497A-A1A2-6F1BA69DB288}.Ad-Hoc|x64.Build.0 = Release|x64
		{53FD68AF-B952-497A-A1A2-6F1BA69DB288}.Ad-Hoc|x64.Deploy.0 = Release|x64
		{53FD68AF-B952-497A-A1A2-6F1BA69DB288}.Ad-Hoc|x86.ActiveCfg = Release|x86
		{53FD68AF-B952-497A-A1A2-6F1BA69DB288}.Ad-Hoc|x86.Build.0 = Release|x86
		{53FD68AF-B952-497A-A1A2-6F1BA69DB288}.Ad-Hoc|x86.Deploy.0 = Release|x86
		{53FD68AF-B952-497A-A1A2-6F1BA69DB288}.AppStore|Any CPU.ActiveCfg = Release|x86
		{53FD68AF-B952-497A-A1A2-6F1BA69DB288}.AppStore|Any CPU.Build.0 = Release|x86
		{53FD68AF-B952-497A-A1A2-6F1BA69DB288}.AppStore|Any CPU.Deploy.0 = Release|x86
		{53FD68AF-B952-497A-A1A2-6F1BA69DB288}.AppStore|ARM.ActiveCfg = Release|ARM
		{53FD68AF-B952-497A-A1A2-6F1BA69DB288}.AppStore|ARM.Build.0 = Release|ARM
		{53FD68AF-B952-497A-A1A2-6F1BA69DB288}.AppStore|ARM.Deploy.0 = Release|ARM
		{53FD68AF-B952-497A-A1A2-6F1BA69DB288}.AppStore|iPhone.ActiveCfg = Release|x86
		{53FD68AF-B952-497A-A1A2-6F1BA69DB288}.AppStore|iPhone.Build.0 = Release|x86
		{53FD68AF-B952-497A-A1A2-6F1BA69DB288}.AppStore|iPhone.Deploy.0 = Release|x86
		{53FD68AF-B952-497A-A1A2-6F1BA69DB288}.AppStore|iPhoneSimulator.ActiveCfg = Release|x86
		{53FD68AF-B952-497A-A1A2-6F1BA69DB288}.AppStore|iPhoneSimulator.Build.0 = Release|x86
		{53FD68AF-B952-497A-A1A2-6F1BA69DB288}.AppStore|iPhoneSimulator.Deploy.0 = Release|x86
		{53FD68AF-B952-497A-A1A2-6F1BA69DB288}.AppStore|x64.ActiveCfg = Release|x64
		{53FD68AF-B952-497A-A1A2-6F1BA69DB288}.AppStore|x64.Build.0 = Release|x64
		{53FD68AF-B952-497A-A1A2-6F1BA69DB288}.AppStore|x64.Deploy.0 = Release|x64
		{53FD68AF-B952-497A-A1A2-6F1BA69DB288}.AppStore|x86.ActiveCfg = Release|x86
		{53FD68AF-B952-497A-A1A2-6F1BA69DB288}.AppStore|x86.Build.0 = Release|x86
		{53FD68AF-B952-497A-A1A2-6F1BA69DB288}.AppStore|x86.Deploy.0 = Release|x86
		{53FD68AF-B952-497A-A1A2-6F1BA69DB288}.Debug|Any CPU.ActiveCfg = Debug|x86
		{53FD68AF-B952-497A-A1A2-6F1BA69DB288}.Debug|ARM.ActiveCfg = Debug|ARM
		{53FD68AF-B952-497A-A1A2-6F1BA69DB288}.Debug|ARM.Build.0 = Debug|ARM
		{53FD68AF-B952-497A-A1A2-6F1BA69DB288}.Debug|ARM.Deploy.0 = Debug|ARM
		{53FD68AF-B952-497A-A1A2-6F1BA69DB288}.Debug|iPhone.ActiveCfg = Debug|x86
		{53FD68AF-B952-497A-A1A2-6F1BA69DB288}.Debug|iPhoneSimulator.ActiveCfg = Debug|x86
		{53FD68AF-B952-497A-A1A2-6F1BA69DB288}.Debug|x64.ActiveCfg = Debug|x64
		{53FD68AF-B952-497A-A1A2-6F1BA69DB288}.Debug|x64.Build.0 = Debug|x64
		{53FD68AF-B952-497A-A1A2-6F1BA69DB288}.Debug|x64.Deploy.0 = Debug|x64
		{53FD68AF-B952-497A-A1A2-6F1BA69DB288}.Debug|x86.ActiveCfg = Debug|x86
		{53FD68AF-B952-497A-A1A2-6F1BA69DB288}.Debug|x86.Build.0 = Debug|x86
		{53FD68AF-B952-497A-A1A2-6F1BA69DB288}.Debug|x86.Deploy.0 = Debug|x86
		{53FD68AF-B952-497A-A1A2-6F1BA69DB288}.Release|Any CPU.ActiveCfg = Release|x86
		{53FD68AF-B952-497A-A1A2-6F1BA69DB288}.Release|ARM.ActiveCfg = Release|ARM
		{53FD68AF-B952-497A-A1A2-6F1BA69DB288}.Release|ARM.Build.0 = Release|ARM
		{53FD68AF-B952-497A-A1A2-6F1BA69DB288}.Release|ARM.Deploy.0 = Release|ARM
		{53FD68AF-B952-497A-A1A2-6F1BA69DB288}.Release|iPhone.ActiveCfg = Release|x86
		{53FD68AF-B952-497A-A1A2-6F1BA69DB288}.Release|iPhoneSimulator.ActiveCfg = Release|x86
		{53FD68AF-B952-497A-A1A2-6F1BA69DB288}.Release|x64.ActiveCfg = Release|x64
		{53FD68AF-B952-497A-A1A2-6F1BA69DB288}.Release|x64.Build.0 = Release|x64
		{53FD68AF-B952-497A-A1A2-6F1BA69DB288}.Release|x64.Deploy.0 = Release|x64
		{53FD68AF-B952-497A-A1A2-6F1BA69DB288}.Release|x86.ActiveCfg = Release|x86
		{53FD68AF-B952-497A-A1A2-6F1BA69DB288}.Release|x86.Build.0 = Release|x86
		{53FD68AF-B952-497A-A1A2-6F1BA69DB288}.Release|x86.Deploy.0 = Release|x86
		{B287EE43-F4ED-466D-BBA2-B28EAFBC0538}.Ad-Hoc|Any CPU.ActiveCfg = Ad-Hoc|iPhone
		{B287EE43-F4ED-466D-BBA2-B28EAFBC0538}.Ad-Hoc|ARM.ActiveCfg = Ad-Hoc|iPhone
		{B287EE43-F4ED-466D-BBA2-B28EAFBC0538}.Ad-Hoc|iPhone.ActiveCfg = Ad-Hoc|iPhone
		{B287EE43-F4ED-466D-BBA2-B28EAFBC0538}.Ad-Hoc|iPhone.Build.0 = Ad-Hoc|iPhone
		{B287EE43-F4ED-466D-BBA2-B28EAFBC0538}.Ad-Hoc|iPhoneSimulator.ActiveCfg = Ad-Hoc|iPhoneSimulator
		{B287EE43-F4ED-466D-BBA2-B28EAFBC0538}.Ad-Hoc|iPhoneSimulator.Build.0 = Ad-Hoc|iPhoneSimulator
		{B287EE43-F4ED-466D-BBA2-B28EAFBC0538}.Ad-Hoc|x64.ActiveCfg = Ad-Hoc|iPhone
		{B287EE43-F4ED-466D-BBA2-B28EAFBC0538}.Ad-Hoc|x86.ActiveCfg = Ad-Hoc|iPhone
		{B287EE43-F4ED-466D-BBA2-B28EAFBC0538}.AppStore|Any CPU.ActiveCfg = AppStore|iPhone
		{B287EE43-F4ED-466D-BBA2-B28EAFBC0538}.AppStore|ARM.ActiveCfg = AppStore|iPhone
		{B287EE43-F4ED-466D-BBA2-B28EAFBC0538}.AppStore|iPhone.ActiveCfg = AppStore|iPhone
		{B287EE43-F4ED-466D-BBA2-B28EAFBC0538}.AppStore|iPhone.Build.0 = AppStore|iPhone
		{B287EE43-F4ED-466D-BBA2-B28EAFBC0538}.AppStore|iPhoneSimulator.ActiveCfg = AppStore|iPhoneSimulator
		{B287EE43-F4ED-466D-BBA2-B28EAFBC0538}.AppStore|iPhoneSimulator.Build.0 = AppStore|iPhoneSimulator
		{B287EE43-F4ED-466D-BBA2-B28EAFBC0538}.AppStore|x64.ActiveCfg = AppStore|iPhone
		{B287EE43-F4ED-466D-BBA2-B28EAFBC0538}.AppStore|x86.ActiveCfg = AppStore|iPhone
		{B287EE43-F4ED-466D-BBA2-B28EAFBC0538}.Debug|Any CPU.ActiveCfg = Debug|iPhone
		{B287EE43-F4ED-466D-BBA2-B28EAFBC0538}.Debug|ARM.ActiveCfg = Debug|iPhone
		{B287EE43-F4ED-466D-BBA2-B28EAFBC0538}.Debug|iPhone.ActiveCfg = Debug|iPhone
		{B287EE43-F4ED-466D-BBA2-B28EAFBC0538}.Debug|iPhone.Build.0 = Debug|iPhone
		{B287EE43-F4ED-466D-BBA2-B28EAFBC0538}.Debug|iPhoneSimulator.ActiveCfg = Debug|iPhoneSimulator
		{B287EE43-F4ED-466D-BBA2-B28EAFBC0538}.Debug|iPhoneSimulator.Build.0 = Debug|iPhoneSimulator
		{B287EE43-F4ED-466D-BBA2-B28EAFBC0538}.Debug|x64.ActiveCfg = Debug|iPhone
		{B287EE43-F4ED-466D-BBA2-B28EAFBC0538}.Debug|x86.ActiveCfg = Debug|iPhone
		{B287EE43-F4ED-466D-BBA2-B28EAFBC0538}.Release|Any CPU.ActiveCfg = Release|iPhone
		{B287EE43-F4ED-466D-BBA2-B28EAFBC0538}.Release|ARM.ActiveCfg = Release|iPhone
		{B287EE43-F4ED-466D-BBA2-B28EAFBC0538}.Release|iPhone.ActiveCfg = Release|iPhone
		{B287EE43-F4ED-466D-BBA2-B28EAFBC0538}.Release|iPhone.Build.0 = Release|iPhone
		{B287EE43-F4ED-466D-BBA2-B28EAFBC0538}.Release|iPhoneSimulator.ActiveCfg = Release|iPhoneSimulator
		{B287EE43-F4ED-466D-BBA2-B28EAFBC0538}.Release|iPhoneSimulator.Build.0 = Release|iPhoneSimulator
		{B287EE43-F4ED-466D-BBA2-B28EAFBC0538}.Release|x64.ActiveCfg = Release|iPhone
		{B287EE43-F4ED-466D-BBA2-B28EAFBC0538}.Release|x86.ActiveCfg = Release|iPhone
	EndGlobalSection
	GlobalSection(SolutionProperties) = preSolution
		HideSolutionNode = FALSE
	EndGlobalSection
EndGlobal
